
Microsoft Visual Studio Solution File, Format Version 12.00
# Visual Studio Version 17
VisualStudioVersion = 17.0.31717.71
MinimumVisualStudioVersion = 10.0.40219.1
Project("{FAE04EC0-301F-11D3-BF4B-00C04F79EFBC}") = "NET TCP Server", "NET TCP Server\NET TCP Server.csproj", "{7701B536-12D5-4649-9FF6-E1311F9BE44C}"
EndProject
Global
	GlobalSection(SolutionConfigurationPlatforms) = preSolution
		Debug|Any CPU = Debug|Any CPU
		Release|Any CPU = Release|Any CPU
	EndGlobalSection
	GlobalSection(ProjectConfigurationPlatforms) = postSolution
		{7701B536-12D5-4649-9FF6-E1311F9BE44C}.Debug|Any CPU.ActiveCfg = Debug|Any CPU
		{7701B536-12D5-4649-9FF6-E1311F9BE44C}.Debug|Any CPU.Build.0 = Debug|Any CPU
		{7701B536-12D5-4649-9FF6-E1311F9BE44C}.Release|Any CPU.ActiveCfg = Release|Any CPU
		{7701B536-12D5-4649-9FF6-E1311F9BE44C}.Release|Any CPU.Build.0 = Release|Any CPU
	EndGlobalSection
	GlobalSection(SolutionProperties) = preSolution
		HideSolutionNode = FALSE
	EndGlobalSection
	GlobalSection(ExtensibilityGlobals) = postSolution
		SolutionGuid = {1CF5529B-8852-4F46-B4D5-A0B462FBFD34}
	EndGlobalSection
EndGlobal
